{
  "name": "@rbxts/gorp",
  "version": "0.1.1-ts.0",
  "lockfileVersion": 2,
  "requires": true,
  "packages": {
    "": {
      "name": "@rbxts/gorp",
      "version": "0.1.1-ts.0",
      "license": "MIT",
      "dependencies": {
        "@rbxts/ecr": "^0.7.0-ts.4"
      },
      "devDependencies": {
        "@rbxts/compiler-types": "^2.2.0-types.0",
        "@rbxts/types": "^1.0.731",
        "typescript": "^5.1.6"
      }
    },
    "node_modules/@rbxts/compiler-types": {
      "version": "2.2.0-types.0",
      "resolved": "https://registry.npmjs.org/@rbxts/compiler-types/-/compiler-types-2.2.0-types.0.tgz",
      "integrity": "sha512-ycsIGfp49MypbRi4eEPCXTjbb2iLKL1/2GjRrFLuLJL74fCfVtbAXIo2LiZhPrgqIiBLomb4JN5Rcqv4304bzw==",
      "dev": true
    },
    "node_modules/@rbxts/ecr": {
      "version": "0.7.0-ts.4",
      "resolved": "https://registry.npmjs.org/@rbxts/ecr/-/ecr-0.7.0-ts.4.tgz",
      "integrity": "sha512-jTn5pEGqj4/PwsAbyETWPMSB2Yt3yJGANeLQSaWSsHo73icDc6WF/KCB1b19RpZYQIQaauprs77b+fcU9YE6Mg=="
    },
    "node_modules/@rbxts/types": {
      "version": "1.0.731",
      "resolved": "https://registry.npmjs.org/@rbxts/types/-/types-1.0.731.tgz",
      "integrity": "sha512-2iSGCO37voYcJ4q8wRuBF67zirC5kiP6pZAfX5v/Sg0szYj6VCiFBAh3sqW5+AcEs4u9gHtaa3NYituVGMlseQ==",
      "dev": true
    },
    "node_modules/typescript": {
      "version": "5.2.2",
      "resolved": "https://registry.npmjs.org/typescript/-/typescript-5.2.2.tgz",
      "integrity": "sha512-mI4WrpHsbCIcwT9cF4FZvr80QUeKvsUsUvKDoR+X/7XHQH98xYD8YHZg7ANtz2GtZt/CBq2QJ0thkGJMHfqc1w==",
      "dev": true,
      "bin": {
        "tsc": "bin/tsc",
        "tsserver": "bin/tsserver"
      },
      "engines": {
        "node": ">=14.17"
      }
    }
  },
  "dependencies": {
    "@rbxts/compiler-types": {
      "version": "2.2.0-types.0",
      "resolved": "https://registry.npmjs.org/@rbxts/compiler-types/-/compiler-types-2.2.0-types.0.tgz",
      "integrity": "sha512-ycsIGfp49MypbRi4eEPCXTjbb2iLKL1/2GjRrFLuLJL74fCfVtbAXIo2LiZhPrgqIiBLomb4JN5Rcqv4304bzw==",
      "dev": true
    },
    "@rbxts/ecr": {
      "version": "0.7.0-ts.4",
      "resolved": "https://registry.npmjs.org/@rbxts/ecr/-/ecr-0.7.0-ts.4.tgz",
      "integrity": "sha512-jTn5pEGqj4/PwsAbyETWPMSB2Yt3yJGANeLQSaWSsHo73icDc6WF/KCB1b19RpZYQIQaauprs77b+fcU9YE6Mg=="
    },
    "@rbxts/types": {
      "version": "1.0.731",
      "resolved": "https://registry.npmjs.org/@rbxts/types/-/types-1.0.731.tgz",
      "integrity": "sha512-2iSGCO37voYcJ4q8wRuBF67zirC5kiP6pZAfX5v/Sg0szYj6VCiFBAh3sqW5+AcEs4u9gHtaa3NYituVGMlseQ==",
      "dev": true
    },
    "typescript": {
      "version": "5.2.2",
      "resolved": "https://registry.npmjs.org/typescript/-/typescript-5.2.2.tgz",
      "integrity": "sha512-mI4WrpHsbCIcwT9cF4FZvr80QUeKvsUsUvKDoR+X/7XHQH98xYD8YHZg7ANtz2GtZt/CBq2QJ0thkGJMHfqc1w==",
      "dev": true
    }
  }
}
