{
  "name": "@rbxts/gorp",
  "version": "0.2.0-ts.0",
  "lockfileVersion": 2,
  "requires": true,
  "packages": {
    "": {
      "name": "@rbxts/gorp",
      "version": "0.2.0-ts.0",
      "license": "MIT",
      "devDependencies": {
        "@rbxts/compiler-types": "^2.3.0-types.1",
        "@rbxts/types": "^1.0.788",
        "typescript": "^5.5.3"
      }
    },
    "node_modules/@rbxts/compiler-types": {
      "version": "2.3.0-types.1",
      "resolved": "https://registry.npmjs.org/@rbxts/compiler-types/-/compiler-types-2.3.0-types.1.tgz",
      "integrity": "sha512-NZWNo+fC4icfJte+NiDSDdWJo1KwzD0MDQ2iBi70YhNYlkA7+Xc+B1udbVqxLJuBur2JxG5bbKrpMAfHqfCtbw==",
      "dev": true
    },
    "node_modules/@rbxts/types": {
      "version": "1.0.788",
      "resolved": "https://registry.npmjs.org/@rbxts/types/-/types-1.0.788.tgz",
      "integrity": "sha512-CvkAyNFuNoTYdZaopxDrtg+xCGmQap5O89TkzL7azMTmkCio4xjp4OYsCCxGvNl/cXHzYOa7nk7ceDGqR3KnvA==",
      "dev": true
    },
    "node_modules/typescript": {
      "version": "5.5.3",
      "resolved": "https://registry.npmjs.org/typescript/-/typescript-5.5.3.tgz",
      "integrity": "sha512-/hreyEujaB0w76zKo6717l3L0o/qEUtRgdvUBvlkhoWeOVMjMuHNHk0BRBzikzuGDqNmPQbg5ifMEqsHLiIUcQ==",
      "dev": true,
      "bin": {
        "tsc": "bin/tsc",
        "tsserver": "bin/tsserver"
      },
      "engines": {
        "node": ">=14.17"
      }
    }
  },
  "dependencies": {
    "@rbxts/compiler-types": {
      "version": "2.3.0-types.1",
      "resolved": "https://registry.npmjs.org/@rbxts/compiler-types/-/compiler-types-2.3.0-types.1.tgz",
      "integrity": "sha512-NZWNo+fC4icfJte+NiDSDdWJo1KwzD0MDQ2iBi70YhNYlkA7+Xc+B1udbVqxLJuBur2JxG5bbKrpMAfHqfCtbw==",
      "dev": true
    },
    "@rbxts/types": {
      "version": "1.0.788",
      "resolved": "https://registry.npmjs.org/@rbxts/types/-/types-1.0.788.tgz",
      "integrity": "sha512-CvkAyNFuNoTYdZaopxDrtg+xCGmQap5O89TkzL7azMTmkCio4xjp4OYsCCxGvNl/cXHzYOa7nk7ceDGqR3KnvA==",
      "dev": true
    },
    "typescript": {
      "version": "5.5.3",
      "resolved": "https://registry.npmjs.org/typescript/-/typescript-5.5.3.tgz",
      "integrity": "sha512-/hreyEujaB0w76zKo6717l3L0o/qEUtRgdvUBvlkhoWeOVMjMuHNHk0BRBzikzuGDqNmPQbg5ifMEqsHLiIUcQ==",
      "dev": true
    }
  }
}
